<?xml version="1.0" encoding="utf-8"?>
<Project ToolsVersion="4.0" xmlns="http://schemas.microsoft.com/developer/msbuild/2003">
  <ItemGroup>
    <Filter Include="Source Files">
      <UniqueIdentifier>{af61ad13-735a-4b2b-9e6f-cb3e91edc8e5}</UniqueIdentifier>
      <Extensions>cpp;c;cc;cxx;def;odl;idl;hpj;bat;asm;asmx</Extensions>
    </Filter>
    <Filter Include="Header Files">
      <UniqueIdentifier>{ee9a103b-c9e4-4b7b-9e92-2d5898820da5}</UniqueIdentifier>
    </Filter>
  </ItemGroup>
  <ItemGroup>
    <ClInclude Include="jpeg\cderror.h">
      <Filter>Header Files</Filter>
    </ClInclude>
    <ClInclude Include="jpeg\cdjpeg.h">
      <Filter>Header Files</Filter>
    </ClInclude>
    <ClInclude Include="jpeg\jdct.h">
      <Filter>Header Files</Filter>
    </ClInclude>
    <ClInclude Include="jpeg\jerror.h">
      <Filter>Header Files</Filter>
    </ClInclude>
    <ClInclude Include="jpeg\jinclude.h">
      <Filter>Header Files</Filter>
    </ClInclude>
    <ClInclude Include="jpeg\jmemsys.h">
      <Filter>Header Files</Filter>
    </ClInclude>
    <ClInclude Include="jpeg\jmorecfg.h">
      <Filter>Header Files</Filter>
    </ClInclude>
    <ClInclude Include="jpeg\jpegint.h">
      <Filter>Header Files</Filter>
    </ClInclude>
    <ClInclude Include="jpeg\jpeglib.h">
      <Filter>Header Files</Filter>
    </ClInclude>
    <ClInclude Include="jpeg\jversion.h">
      <Filter>Header Files</Filter>
    </ClInclude>
    <ClInclude Include="jpeg\transupp.h">
      <Filter>Header Files</Filter>
    </ClInclude>
  </ItemGroup>
  <ItemGroup>
    <ClCompile Include="jpeg\jerror.c">
      <Filter>Source Files</Filter>
    </ClCompile>
    <ClCompile Include="jpeg\jcapimin.c">
      <Filter>Source Files</Filter>
    </ClCompile>
    <ClCompile Include="jpeg\jdapimin.c">
      <Filter>Source Files</Filter>
    </ClCompile>
    <ClCompile Include="jpeg\jdatadst.c">
      <Filter>Source Files</Filter>
    </ClCompile>
    <ClCompile Include="jpeg\jcparam.c">
      <Filter>Source Files</Filter>
    </ClCompile>
    <ClCompile Include="jpeg\jdatasrc.c">
      <Filter>Source Files</Filter>
    </ClCompile>
    <ClCompile Include="jpeg\jcapistd.c">
      <Filter>Source Files</Filter>
    </ClCompile>
    <ClCompile Include="jpeg\jdapistd.c">
      <Filter>Source Files</Filter>
    </ClCompile>
    <ClCompile Include="jpeg\jdmarker.c">
      <Filter>Source Files</Filter>
    </ClCompile>
    <ClCompile Include="jpeg\jcomapi.c">
      <Filter>Source Files</Filter>
    </ClCompile>
    <ClCompile Include="jpeg\jutils.c">
      <Filter>Source Files</Filter>
    </ClCompile>
    <ClCompile Include="jpeg\jcmarker.c">
      <Filter>Source Files</Filter>
    </ClCompile>
    <ClCompile Include="jpeg\jmemmgr.c">
      <Filter>Source Files</Filter>
    </ClCompile>
    <ClCompile Include="jpeg\jmemansi.c">
      <Filter>Source Files</Filter>
    </ClCompile>
    <ClCompile Include="jpeg\jdinput.c">
      <Filter>Source Files</Filter>
    </ClCompile>
    <ClCompile Include="jpeg\jcinit.c">
      <Filter>Source Files</Filter>
    </ClCompile>
    <ClCompile Include="jpeg\jdmaster.c">
      <Filter>Source Files</Filter>
    </ClCompile>
    <ClCompile Include="jpeg\jcmaster.c">
      <Filter>Source Files</Filter>
    </ClCompile>
    <ClCompile Include="jpeg\jcmainct.c">
      <Filter>Source Files</Filter>
    </ClCompile>
    <ClCompile Include="jpeg\jdmainct.c">
      <Filter>Source Files</Filter>
    </ClCompile>
    <ClCompile Include="jpeg\jcprepct.c">
      <Filter>Source Files</Filter>
    </ClCompile>
    <ClCompile Include="jpeg\jdmerge.c">
      <Filter>Source Files</Filter>
    </ClCompile>
    <ClCompile Include="jpeg\jccoefct.c">
      <Filter>Source Files</Filter>
    </ClCompile>
    <ClCompile Include="jpeg\jdcoefct.c">
      <Filter>Source Files</Filter>
    </ClCompile>
    <ClCompile Include="jpeg\jccolor.c">
      <Filter>Source Files</Filter>
    </ClCompile>
    <ClCompile Include="jpeg\jdcolor.c">
      <Filter>Source Files</Filter>
    </ClCompile>
    <ClCompile Include="jpeg\jcsample.c">
      <Filter>Source Files</Filter>
    </ClCompile>
    <ClCompile Include="jpeg\jdsample.c">
      <Filter>Source Files</Filter>
    </ClCompile>
    <ClCompile Include="jpeg\jcdctmgr.c">
      <Filter>Source Files</Filter>
    </ClCompile>
    <ClCompile Include="jpeg\jddctmgr.c">
      <Filter>Source Files</Filter>
    </ClCompile>
    <ClCompile Include="jpeg\jfdctflt.c">
      <Filter>Source Files</Filter>
    </ClCompile>
    <ClCompile Include="jpeg\jfdctfst.c">
      <Filter>Source Files</Filter>
    </ClCompile>
    <ClCompile Include="jpeg\jfdctint.c">
      <Filter>Source Files</Filter>
    </ClCompile>
    <ClCompile Include="jpeg\jidctflt.c">
      <Filter>Source Files</Filter>
    </ClCompile>
    <ClCompile Include="jpeg\jidctfst.c">
      <Filter>Source Files</Filter>
    </ClCompile>
    <ClCompile Include="jpeg\jidctint.c">
      <Filter>Source Files</Filter>
    </ClCompile>
    <ClCompile Include="jpeg\jchuff.c">
      <Filter>Source Files</Filter>
    </ClCompile>
    <ClCompile Include="jpeg\jdhuff.c">
      <Filter>Source Files</Filter>
    </ClCompile>
    <ClCompile Include="jpeg\jdpostct.c">
      <Filter>Source Files</Filter>
    </ClCompile>
    <ClCompile Include="jpeg\jcarith.c">
      <Filter>Source Files</Filter>
    </ClCompile>
    <ClCompile Include="jpeg\jdarith.c">
      <Filter>Source Files</Filter>
    </ClCompile>
    <ClCompile Include="jpeg\jquant1.c">
      <Filter>Source Files</Filter>
    </ClCompile>
    <ClCompile Include="jpeg\jquant2.c">
      <Filter>Source Files</Filter>
    </ClCompile>
    <ClCompile Include="jpeg\jaricom.c">
      <Filter>Source Files</Filter>
    </ClCompile>
  </ItemGroup>
</Project>